// !$*UTF8*$!
{
	archiveVersion = 1;
	classes = {
	};
	objectVersion = 50;
	objects = {

/* Begin PBXBuildFile section */
		861F75C82322E42F000C0C0C /* AppDelegate.swift in Sources */ = {isa = PBXBuildFile; fileRef = 861F75C72322E42F000C0C0C /* AppDelegate.swift */; };
		861F75CD2322E42F000C0C0C /* Main.storyboard in Resources */ = {isa = PBXBuildFile; fileRef = 861F75CB2322E42F000C0C0C /* Main.storyboard */; };
		861F75CF2322E42F000C0C0C /* Assets.xcassets in Resources */ = {isa = PBXBuildFile; fileRef = 861F75CE2322E42F000C0C0C /* Assets.xcassets */; };
		861F75D22322E42F000C0C0C /* LaunchScreen.storyboard in Resources */ = {isa = PBXBuildFile; fileRef = 861F75D02322E42F000C0C0C /* LaunchScreen.storyboard */; };
		861F75E02322E54F000C0C0C /* SF-Pro-Display-Light.otf in Resources */ = {isa = PBXBuildFile; fileRef = 861F75DE2322E54F000C0C0C /* SF-Pro-Display-Light.otf */; };
		861F75E12322E54F000C0C0C /* SF-Pro-Display-Medium.otf in Resources */ = {isa = PBXBuildFile; fileRef = 861F75DF2322E54F000C0C0C /* SF-Pro-Display-Medium.otf */; };
		861F75E52322F3E8000C0C0C /* LoginViewController.swift in Sources */ = {isa = PBXBuildFile; fileRef = 861F75E42322F3E8000C0C0C /* LoginViewController.swift */; };
		861F75E723230AED000C0C0C /* MainTabBar.storyboard in Resources */ = {isa = PBXBuildFile; fileRef = 861F75E623230AED000C0C0C /* MainTabBar.storyboard */; };
		861F75E923230B4B000C0C0C /* Profile.storyboard in Resources */ = {isa = PBXBuildFile; fileRef = 861F75E823230B4B000C0C0C /* Profile.storyboard */; };
		861F75EB23230C19000C0C0C /* Feed.storyboard in Resources */ = {isa = PBXBuildFile; fileRef = 861F75EA23230C19000C0C0C /* Feed.storyboard */; };
		861F75ED23230C22000C0C0C /* Explore.storyboard in Resources */ = {isa = PBXBuildFile; fileRef = 861F75EC23230C22000C0C0C /* Explore.storyboard */; };
		861F75EF23230C2E000C0C0C /* Notifications.storyboard in Resources */ = {isa = PBXBuildFile; fileRef = 861F75EE23230C2E000C0C0C /* Notifications.storyboard */; };
		861F75F123231468000C0C0C /* ProfileViewController.swift in Sources */ = {isa = PBXBuildFile; fileRef = 861F75F023231468000C0C0C /* ProfileViewController.swift */; };
		86395E1C232DDB2600A956D2 /* exampleProfilePhoto.jpg in Resources */ = {isa = PBXBuildFile; fileRef = 86395E1B232DDB2600A956D2 /* exampleProfilePhoto.jpg */; };
		86395E1E232E9A3500A956D2 /* PostCollectionViewCell.swift in Sources */ = {isa = PBXBuildFile; fileRef = 86395E1D232E9A3500A956D2 /* PostCollectionViewCell.swift */; };
		86395E24232E9E8800A956D2 /* profileThree.png in Resources */ = {isa = PBXBuildFile; fileRef = 86395E1F232E9E8800A956D2 /* profileThree.png */; };
		86395E25232E9E8800A956D2 /* profileFour.png in Resources */ = {isa = PBXBuildFile; fileRef = 86395E20232E9E8800A956D2 /* profileFour.png */; };
		86395E26232E9E8800A956D2 /* profileTwo.png in Resources */ = {isa = PBXBuildFile; fileRef = 86395E21232E9E8800A956D2 /* profileTwo.png */; };
		86395E27232E9E8800A956D2 /* profileOne.png in Resources */ = {isa = PBXBuildFile; fileRef = 86395E22232E9E8800A956D2 /* profileOne.png */; };
		86395E28232E9E8800A956D2 /* profileFive.png in Resources */ = {isa = PBXBuildFile; fileRef = 86395E23232E9E8800A956D2 /* profileFive.png */; };
		86395E2A232EAFF000A956D2 /* PostFooterActivtityIndicatorCollectionReusableView.swift in Sources */ = {isa = PBXBuildFile; fileRef = 86395E29232EAFF000A956D2 /* PostFooterActivtityIndicatorCollectionReusableView.swift */; };
		868CDAA3233075B100A31EAC /* UIConstants.swift in Sources */ = {isa = PBXBuildFile; fileRef = 868CDAA2233075B100A31EAC /* UIConstants.swift */; };
		868CDAA5233077EA00A31EAC /* ExplorePageViewController.swift in Sources */ = {isa = PBXBuildFile; fileRef = 868CDAA4233077EA00A31EAC /* ExplorePageViewController.swift */; };
		868CDAA82330796200A31EAC /* MainTabBarController.swift in Sources */ = {isa = PBXBuildFile; fileRef = 868CDAA72330796200A31EAC /* MainTabBarController.swift */; };
		86D818152330839A0025F206 /* CatagoryCollectionViewCell.swift in Sources */ = {isa = PBXBuildFile; fileRef = 86D818142330839A0025F206 /* CatagoryCollectionViewCell.swift */; };
/* End PBXBuildFile section */

/* Begin PBXFileReference section */
		861F75C42322E42F000C0C0C /* Mode.app */ = {isa = PBXFileReference; explicitFileType = wrapper.application; includeInIndex = 0; path = Mode.app; sourceTree = BUILT_PRODUCTS_DIR; };
		861F75C72322E42F000C0C0C /* AppDelegate.swift */ = {isa = PBXFileReference; lastKnownFileType = sourcecode.swift; path = AppDelegate.swift; sourceTree = "<group>"; };
		861F75CC2322E42F000C0C0C /* Base */ = {isa = PBXFileReference; lastKnownFileType = file.storyboard; name = Base; path = Base.lproj/Main.storyboard; sourceTree = "<group>"; };
		861F75CE2322E42F000C0C0C /* Assets.xcassets */ = {isa = PBXFileReference; lastKnownFileType = folder.assetcatalog; path = Assets.xcassets; sourceTree = "<group>"; };
		861F75D12322E42F000C0C0C /* Base */ = {isa = PBXFileReference; lastKnownFileType = file.storyboard; name = Base; path = Base.lproj/LaunchScreen.storyboard; sourceTree = "<group>"; };
		861F75D32322E42F000C0C0C /* Info.plist */ = {isa = PBXFileReference; lastKnownFileType = text.plist.xml; path = Info.plist; sourceTree = "<group>"; };
		861F75DE2322E54F000C0C0C /* SF-Pro-Display-Light.otf */ = {isa = PBXFileReference; lastKnownFileType = file; path = "SF-Pro-Display-Light.otf"; sourceTree = "<group>"; };
		861F75DF2322E54F000C0C0C /* SF-Pro-Display-Medium.otf */ = {isa = PBXFileReference; lastKnownFileType = file; path = "SF-Pro-Display-Medium.otf"; sourceTree = "<group>"; };
		861F75E42322F3E8000C0C0C /* LoginViewController.swift */ = {isa = PBXFileReference; lastKnownFileType = sourcecode.swift; path = LoginViewController.swift; sourceTree = "<group>"; };
		861F75E623230AED000C0C0C /* MainTabBar.storyboard */ = {isa = PBXFileReference; lastKnownFileType = file.storyboard; path = MainTabBar.storyboard; sourceTree = "<group>"; };
		861F75E823230B4B000C0C0C /* Profile.storyboard */ = {isa = PBXFileReference; lastKnownFileType = file.storyboard; path = Profile.storyboard; sourceTree = "<group>"; };
		861F75EA23230C19000C0C0C /* Feed.storyboard */ = {isa = PBXFileReference; lastKnownFileType = file.storyboard; path = Feed.storyboard; sourceTree = "<group>"; };
		861F75EC23230C22000C0C0C /* Explore.storyboard */ = {isa = PBXFileReference; lastKnownFileType = file.storyboard; path = Explore.storyboard; sourceTree = "<group>"; };
		861F75EE23230C2E000C0C0C /* Notifications.storyboard */ = {isa = PBXFileReference; lastKnownFileType = file.storyboard; path = Notifications.storyboard; sourceTree = "<group>"; };
		861F75F023231468000C0C0C /* ProfileViewController.swift */ = {isa = PBXFileReference; lastKnownFileType = sourcecode.swift; path = ProfileViewController.swift; sourceTree = "<group>"; };
		86395E1B232DDB2600A956D2 /* exampleProfilePhoto.jpg */ = {isa = PBXFileReference; lastKnownFileType = image.jpeg; path = exampleProfilePhoto.jpg; sourceTree = "<group>"; };
		86395E1D232E9A3500A956D2 /* PostCollectionViewCell.swift */ = {isa = PBXFileReference; lastKnownFileType = sourcecode.swift; path = PostCollectionViewCell.swift; sourceTree = "<group>"; };
		86395E1F232E9E8800A956D2 /* profileThree.png */ = {isa = PBXFileReference; lastKnownFileType = image.png; path = profileThree.png; sourceTree = "<group>"; };
		86395E20232E9E8800A956D2 /* profileFour.png */ = {isa = PBXFileReference; lastKnownFileType = image.png; path = profileFour.png; sourceTree = "<group>"; };
		86395E21232E9E8800A956D2 /* profileTwo.png */ = {isa = PBXFileReference; lastKnownFileType = image.png; path = profileTwo.png; sourceTree = "<group>"; };
		86395E22232E9E8800A956D2 /* profileOne.png */ = {isa = PBXFileReference; lastKnownFileType = image.png; path = profileOne.png; sourceTree = "<group>"; };
		86395E23232E9E8800A956D2 /* profileFive.png */ = {isa = PBXFileReference; lastKnownFileType = image.png; path = profileFive.png; sourceTree = "<group>"; };
		86395E29232EAFF000A956D2 /* PostFooterActivtityIndicatorCollectionReusableView.swift */ = {isa = PBXFileReference; lastKnownFileType = sourcecode.swift; path = PostFooterActivtityIndicatorCollectionReusableView.swift; sourceTree = "<group>"; };
		868CDAA2233075B100A31EAC /* UIConstants.swift */ = {isa = PBXFileReference; lastKnownFileType = sourcecode.swift; path = UIConstants.swift; sourceTree = "<group>"; };
		868CDAA4233077EA00A31EAC /* ExplorePageViewController.swift */ = {isa = PBXFileReference; lastKnownFileType = sourcecode.swift; path = ExplorePageViewController.swift; sourceTree = "<group>"; };
		868CDAA72330796200A31EAC /* MainTabBarController.swift */ = {isa = PBXFileReference; lastKnownFileType = sourcecode.swift; path = MainTabBarController.swift; sourceTree = "<group>"; };
		86D818142330839A0025F206 /* CatagoryCollectionViewCell.swift */ = {isa = PBXFileReference; lastKnownFileType = sourcecode.swift; path = CatagoryCollectionViewCell.swift; sourceTree = "<group>"; };
/* End PBXFileReference section */

/* Begin PBXFrameworksBuildPhase section */
		861F75C12322E42F000C0C0C /* Frameworks */ = {
			isa = PBXFrameworksBuildPhase;
			buildActionMask = 2147483647;
			files = (
			);
			runOnlyForDeploymentPostprocessing = 0;
		};
/* End PBXFrameworksBuildPhase section */

/* Begin PBXGroup section */
		861F75BB2322E42F000C0C0C = {
			isa = PBXGroup;
			children = (
				861F75C62322E42F000C0C0C /* Mode */,
				861F75C52322E42F000C0C0C /* Products */,
			);
			sourceTree = "<group>";
		};
		861F75C52322E42F000C0C0C /* Products */ = {
			isa = PBXGroup;
			children = (
				861F75C42322E42F000C0C0C /* Mode.app */,
			);
			name = Products;
			sourceTree = "<group>";
		};
		861F75C62322E42F000C0C0C /* Mode */ = {
			isa = PBXGroup;
			children = (
				861F75DD2322E473000C0C0C /* Storyboards */,
				861F75DC2322E468000C0C0C /* View Controllers */,
				861F75DB2322E461000C0C0C /* Model Controllers */,
				861F75DA2322E45B000C0C0C /* Models */,
				868CDAA12330758A00A31EAC /* Global Constants */,
				861F75D92322E455000C0C0C /* Resources */,
			);
			path = Mode;
			sourceTree = "<group>";
		};
		861F75D92322E455000C0C0C /* Resources */ = {
			isa = PBXGroup;
			children = (
				86395E1A232DDB1E00A956D2 /* Images */,
				861F75E32322EDB2000C0C0C /* Graphics */,
				861F75E22322E553000C0C0C /* Fonts */,
				861F75C72322E42F000C0C0C /* AppDelegate.swift */,
				861F75CE2322E42F000C0C0C /* Assets.xcassets */,
				861F75D32322E42F000C0C0C /* Info.plist */,
			);
			path = Resources;
			sourceTree = "<group>";
		};
		861F75DA2322E45B000C0C0C /* Models */ = {
			isa = PBXGroup;
			children = (
			);
			path = Models;
			sourceTree = "<group>";
		};
		861F75DB2322E461000C0C0C /* Model Controllers */ = {
			isa = PBXGroup;
			children = (
			);
			path = "Model Controllers";
			sourceTree = "<group>";
		};
		861F75DC2322E468000C0C0C /* View Controllers */ = {
			isa = PBXGroup;
			children = (
				868CDAA62330793300A31EAC /* Navigation Controllers */,
				86D81813233083650025F206 /* Custom Cells */,
				86395E17232DD19000A956D2 /* Custom Views */,
				861F75E42322F3E8000C0C0C /* LoginViewController.swift */,
				861F75F023231468000C0C0C /* ProfileViewController.swift */,
				868CDAA4233077EA00A31EAC /* ExplorePageViewController.swift */,
			);
			path = "View Controllers";
			sourceTree = "<group>";
		};
		861F75DD2322E473000C0C0C /* Storyboards */ = {
			isa = PBXGroup;
			children = (
				861F75CB2322E42F000C0C0C /* Main.storyboard */,
				861F75D02322E42F000C0C0C /* LaunchScreen.storyboard */,
				861F75E623230AED000C0C0C /* MainTabBar.storyboard */,
				861F75E823230B4B000C0C0C /* Profile.storyboard */,
				861F75EA23230C19000C0C0C /* Feed.storyboard */,
				861F75EC23230C22000C0C0C /* Explore.storyboard */,
				861F75EE23230C2E000C0C0C /* Notifications.storyboard */,
			);
			path = Storyboards;
			sourceTree = "<group>";
		};
		861F75E22322E553000C0C0C /* Fonts */ = {
			isa = PBXGroup;
			children = (
				861F75DE2322E54F000C0C0C /* SF-Pro-Display-Light.otf */,
				861F75DF2322E54F000C0C0C /* SF-Pro-Display-Medium.otf */,
			);
			path = Fonts;
			sourceTree = "<group>";
		};
		861F75E32322EDB2000C0C0C /* Graphics */ = {
			isa = PBXGroup;
			children = (
			);
			path = Graphics;
			sourceTree = "<group>";
		};
		86395E17232DD19000A956D2 /* Custom Views */ = {
			isa = PBXGroup;
			children = (
				86395E29232EAFF000A956D2 /* PostFooterActivtityIndicatorCollectionReusableView.swift */,
			);
			path = "Custom Views";
			sourceTree = "<group>";
		};
		86395E1A232DDB1E00A956D2 /* Images */ = {
			isa = PBXGroup;
			children = (
				86395E1B232DDB2600A956D2 /* exampleProfilePhoto.jpg */,
				86395E23232E9E8800A956D2 /* profileFive.png */,
				86395E20232E9E8800A956D2 /* profileFour.png */,
				86395E22232E9E8800A956D2 /* profileOne.png */,
				86395E1F232E9E8800A956D2 /* profileThree.png */,
				86395E21232E9E8800A956D2 /* profileTwo.png */,
			);
			path = Images;
			sourceTree = "<group>";
		};
		868CDAA12330758A00A31EAC /* Global Constants */ = {
			isa = PBXGroup;
			children = (
				868CDAA2233075B100A31EAC /* UIConstants.swift */,
			);
			path = "Global Constants";
			sourceTree = "<group>";
		};
		868CDAA62330793300A31EAC /* Navigation Controllers */ = {
			isa = PBXGroup;
			children = (
				868CDAA72330796200A31EAC /* MainTabBarController.swift */,
			);
			path = "Navigation Controllers";
			sourceTree = "<group>";
		};
		86D81813233083650025F206 /* Custom Cells */ = {
			isa = PBXGroup;
			children = (
				86D818142330839A0025F206 /* CatagoryCollectionViewCell.swift */,
				86395E1D232E9A3500A956D2 /* PostCollectionViewCell.swift */,
			);
			path = "Custom Cells";
			sourceTree = "<group>";
		};
/* End PBXGroup section */

/* Begin PBXNativeTarget section */
		861F75C32322E42F000C0C0C /* Mode */ = {
			isa = PBXNativeTarget;
			buildConfigurationList = 861F75D62322E42F000C0C0C /* Build configuration list for PBXNativeTarget "Mode" */;
			buildPhases = (
				861F75C02322E42F000C0C0C /* Sources */,
				861F75C12322E42F000C0C0C /* Frameworks */,
				861F75C22322E42F000C0C0C /* Resources */,
			);
			buildRules = (
			);
			dependencies = (
			);
			name = Mode;
			productName = Mode;
			productReference = 861F75C42322E42F000C0C0C /* Mode.app */;
			productType = "com.apple.product-type.application";
		};
/* End PBXNativeTarget section */

/* Begin PBXProject section */
		861F75BC2322E42F000C0C0C /* Project object */ = {
			isa = PBXProject;
			attributes = {
				LastSwiftUpdateCheck = 1020;
				LastUpgradeCheck = 1020;
				ORGANIZATIONNAME = "Jax Tubbs";
				TargetAttributes = {
					861F75C32322E42F000C0C0C = {
						CreatedOnToolsVersion = 10.2.1;
					};
				};
			};
			buildConfigurationList = 861F75BF2322E42F000C0C0C /* Build configuration list for PBXProject "Mode" */;
			compatibilityVersion = "Xcode 9.3";
			developmentRegion = en;
			hasScannedForEncodings = 0;
			knownRegions = (
				en,
				Base,
			);
			mainGroup = 861F75BB2322E42F000C0C0C;
			productRefGroup = 861F75C52322E42F000C0C0C /* Products */;
			projectDirPath = "";
			projectRoot = "";
			targets = (
				861F75C32322E42F000C0C0C /* Mode */,
			);
		};
/* End PBXProject section */

/* Begin PBXResourcesBuildPhase section */
		861F75C22322E42F000C0C0C /* Resources */ = {
			isa = PBXResourcesBuildPhase;
			buildActionMask = 2147483647;
			files = (
				86395E26232E9E8800A956D2 /* profileTwo.png in Resources */,
				86395E24232E9E8800A956D2 /* profileThree.png in Resources */,
				861F75D22322E42F000C0C0C /* LaunchScreen.storyboard in Resources */,
				86395E25232E9E8800A956D2 /* profileFour.png in Resources */,
				861F75EF23230C2E000C0C0C /* Notifications.storyboard in Resources */,
				861F75CF2322E42F000C0C0C /* Assets.xcassets in Resources */,
				861F75EB23230C19000C0C0C /* Feed.storyboard in Resources */,
				861F75E02322E54F000C0C0C /* SF-Pro-Display-Light.otf in Resources */,
				861F75ED23230C22000C0C0C /* Explore.storyboard in Resources */,
				86395E27232E9E8800A956D2 /* profileOne.png in Resources */,
				861F75E723230AED000C0C0C /* MainTabBar.storyboard in Resources */,
				86395E1C232DDB2600A956D2 /* exampleProfilePhoto.jpg in Resources */,
				861F75CD2322E42F000C0C0C /* Main.storyboard in Resources */,
				86395E28232E9E8800A956D2 /* profileFive.png in Resources */,
				861F75E923230B4B000C0C0C /* Profile.storyboard in Resources */,
				861F75E12322E54F000C0C0C /* SF-Pro-Display-Medium.otf in Resources */,
			);
			runOnlyForDeploymentPostprocessing = 0;
		};
/* End PBXResourcesBuildPhase section */

/* Begin PBXSourcesBuildPhase section */
		861F75C02322E42F000C0C0C /* Sources */ = {
			isa = PBXSourcesBuildPhase;
			buildActionMask = 2147483647;
			files = (
				86395E1E232E9A3500A956D2 /* PostCollectionViewCell.swift in Sources */,
				868CDAA5233077EA00A31EAC /* ExplorePageViewController.swift in Sources */,
				868CDAA82330796200A31EAC /* MainTabBarController.swift in Sources */,
				861F75F123231468000C0C0C /* ProfileViewController.swift in Sources */,
				86D818152330839A0025F206 /* CatagoryCollectionViewCell.swift in Sources */,
				86395E2A232EAFF000A956D2 /* PostFooterActivtityIndicatorCollectionReusableView.swift in Sources */,
				861F75E52322F3E8000C0C0C /* LoginViewController.swift in Sources */,
				861F75C82322E42F000C0C0C /* AppDelegate.swift in Sources */,
				868CDAA3233075B100A31EAC /* UIConstants.swift in Sources */,
			);
			runOnlyForDeploymentPostprocessing = 0;
		};
/* End PBXSourcesBuildPhase section */

/* Begin PBXVariantGroup section */
		861F75CB2322E42F000C0C0C /* Main.storyboard */ = {
			isa = PBXVariantGroup;
			children = (
				861F75CC2322E42F000C0C0C /* Base */,
			);
			name = Main.storyboard;
			sourceTree = "<group>";
		};
		861F75D02322E42F000C0C0C /* LaunchScreen.storyboard */ = {
			isa = PBXVariantGroup;
			children = (
				861F75D12322E42F000C0C0C /* Base */,
			);
			name = LaunchScreen.storyboard;
			sourceTree = "<group>";
		};
/* End PBXVariantGroup section */

/* Begin XCBuildConfiguration section */
		861F75D42322E42F000C0C0C /* Debug */ = {
			isa = XCBuildConfiguration;
			buildSettings = {
				ALWAYS_SEARCH_USER_PATHS = NO;
				CLANG_ANALYZER_NONNULL = YES;
				CLANG_ANALYZER_NUMBER_OBJECT_CONVERSION = YES_AGGRESSIVE;
				CLANG_CXX_LANGUAGE_STANDARD = "gnu++14";
				CLANG_CXX_LIBRARY = "libc++";
				CLANG_ENABLE_MODULES = YES;
				CLANG_ENABLE_OBJC_ARC = YES;
				CLANG_ENABLE_OBJC_WEAK = YES;
				CLANG_WARN_BLOCK_CAPTURE_AUTORELEASING = YES;
				CLANG_WARN_BOOL_CONVERSION = YES;
				CLANG_WARN_COMMA = YES;
				CLANG_WARN_CONSTANT_CONVERSION = YES;
				CLANG_WARN_DEPRECATED_OBJC_IMPLEMENTATIONS = YES;
				CLANG_WARN_DIRECT_OBJC_ISA_USAGE = YES_ERROR;
				CLANG_WARN_DOCUMENTATION_COMMENTS = YES;
				CLANG_WARN_EMPTY_BODY = YES;
				CLANG_WARN_ENUM_CONVERSION = YES;
				CLANG_WARN_INFINITE_RECURSION = YES;
				CLANG_WARN_INT_CONVERSION = YES;
				CLANG_WARN_NON_LITERAL_NULL_CONVERSION = YES;
				CLANG_WARN_OBJC_IMPLICIT_RETAIN_SELF = YES;
				CLANG_WARN_OBJC_LITERAL_CONVERSION = YES;
				CLANG_WARN_OBJC_ROOT_CLASS = YES_ERROR;
				CLANG_WARN_RANGE_LOOP_ANALYSIS = YES;
				CLANG_WARN_STRICT_PROTOTYPES = YES;
				CLANG_WARN_SUSPICIOUS_MOVE = YES;
				CLANG_WARN_UNGUARDED_AVAILABILITY = YES_AGGRESSIVE;
				CLANG_WARN_UNREACHABLE_CODE = YES;
				CLANG_WARN__DUPLICATE_METHOD_MATCH = YES;
				CODE_SIGN_IDENTITY = "iPhone Developer";
				COPY_PHASE_STRIP = NO;
				DEBUG_INFORMATION_FORMAT = dwarf;
				ENABLE_STRICT_OBJC_MSGSEND = YES;
				ENABLE_TESTABILITY = YES;
				GCC_C_LANGUAGE_STANDARD = gnu11;
				GCC_DYNAMIC_NO_PIC = NO;
				GCC_NO_COMMON_BLOCKS = YES;
				GCC_OPTIMIZATION_LEVEL = 0;
				GCC_PREPROCESSOR_DEFINITIONS = (
					"DEBUG=1",
					"$(inherited)",
				);
				GCC_WARN_64_TO_32_BIT_CONVERSION = YES;
				GCC_WARN_ABOUT_RETURN_TYPE = YES_ERROR;
				GCC_WARN_UNDECLARED_SELECTOR = YES;
				GCC_WARN_UNINITIALIZED_AUTOS = YES_AGGRESSIVE;
				GCC_WARN_UNUSED_FUNCTION = YES;
				GCC_WARN_UNUSED_VARIABLE = YES;
				IPHONEOS_DEPLOYMENT_TARGET = 12.2;
				MTL_ENABLE_DEBUG_INFO = INCLUDE_SOURCE;
				MTL_FAST_MATH = YES;
				ONLY_ACTIVE_ARCH = YES;
				SDKROOT = iphoneos;
				SWIFT_ACTIVE_COMPILATION_CONDITIONS = DEBUG;
				SWIFT_OPTIMIZATION_LEVEL = "-Onone";
			};
			name = Debug;
		};
		861F75D52322E42F000C0C0C /* Release */ = {
			isa = XCBuildConfiguration;
			buildSettings = {
				ALWAYS_SEARCH_USER_PATHS = NO;
				CLANG_ANALYZER_NONNULL = YES;
				CLANG_ANALYZER_NUMBER_OBJECT_CONVERSION = YES_AGGRESSIVE;
				CLANG_CXX_LANGUAGE_STANDARD = "gnu++14";
				CLANG_CXX_LIBRARY = "libc++";
				CLANG_ENABLE_MODULES = YES;
				CLANG_ENABLE_OBJC_ARC = YES;
				CLANG_ENABLE_OBJC_WEAK = YES;
				CLANG_WARN_BLOCK_CAPTURE_AUTORELEASING = YES;
				CLANG_WARN_BOOL_CONVERSION = YES;
				CLANG_WARN_COMMA = YES;
				CLANG_WARN_CONSTANT_CONVERSION = YES;
				CLANG_WARN_DEPRECATED_OBJC_IMPLEMENTATIONS = YES;
				CLANG_WARN_DIRECT_OBJC_ISA_USAGE = YES_ERROR;
				CLANG_WARN_DOCUMENTATION_COMMENTS = YES;
				CLANG_WARN_EMPTY_BODY = YES;
				CLANG_WARN_ENUM_CONVERSION = YES;
				CLANG_WARN_INFINITE_RECURSION = YES;
				CLANG_WARN_INT_CONVERSION = YES;
				CLANG_WARN_NON_LITERAL_NULL_CONVERSION = YES;
				CLANG_WARN_OBJC_IMPLICIT_RETAIN_SELF = YES;
				CLANG_WARN_OBJC_LITERAL_CONVERSION = YES;
				CLANG_WARN_OBJC_ROOT_CLASS = YES_ERROR;
				CLANG_WARN_RANGE_LOOP_ANALYSIS = YES;
				CLANG_WARN_STRICT_PROTOTYPES = YES;
				CLANG_WARN_SUSPICIOUS_MOVE = YES;
				CLANG_WARN_UNGUARDED_AVAILABILITY = YES_AGGRESSIVE;
				CLANG_WARN_UNREACHABLE_CODE = YES;
				CLANG_WARN__DUPLICATE_METHOD_MATCH = YES;
				CODE_SIGN_IDENTITY = "iPhone Developer";
				COPY_PHASE_STRIP = NO;
				DEBUG_INFORMATION_FORMAT = "dwarf-with-dsym";
				ENABLE_NS_ASSERTIONS = NO;
				ENABLE_STRICT_OBJC_MSGSEND = YES;
				GCC_C_LANGUAGE_STANDARD = gnu11;
				GCC_NO_COMMON_BLOCKS = YES;
				GCC_WARN_64_TO_32_BIT_CONVERSION = YES;
				GCC_WARN_ABOUT_RETURN_TYPE = YES_ERROR;
				GCC_WARN_UNDECLARED_SELECTOR = YES;
				GCC_WARN_UNINITIALIZED_AUTOS = YES_AGGRESSIVE;
				GCC_WARN_UNUSED_FUNCTION = YES;
				GCC_WARN_UNUSED_VARIABLE = YES;
				IPHONEOS_DEPLOYMENT_TARGET = 12.2;
				MTL_ENABLE_DEBUG_INFO = NO;
				MTL_FAST_MATH = YES;
				SDKROOT = iphoneos;
				SWIFT_COMPILATION_MODE = wholemodule;
				SWIFT_OPTIMIZATION_LEVEL = "-O";
				VALIDATE_PRODUCT = YES;
			};
			name = Release;
		};
		861F75D72322E42F000C0C0C /* Debug */ = {
			isa = XCBuildConfiguration;
			buildSettings = {
				ASSETCATALOG_COMPILER_APPICON_NAME = AppIcon;
				CODE_SIGN_STYLE = Automatic;
				DEVELOPMENT_TEAM = 2WP5X762NJ;
				INFOPLIST_FILE = "$(SRCROOT)/Mode/Resources/Info.plist";
				LD_RUNPATH_SEARCH_PATHS = (
					"$(inherited)",
					"@executable_path/Frameworks",
				);
				PRODUCT_BUNDLE_IDENTIFIER = Decknot.Mode;
				PRODUCT_NAME = "$(TARGET_NAME)";
				SWIFT_VERSION = 5.0;
				TARGETED_DEVICE_FAMILY = "1,2";
			};
			name = Debug;
		};
		861F75D82322E42F000C0C0C /* Release */ = {
			isa = XCBuildConfiguration;
			buildSettings = {
				ASSETCATALOG_COMPILER_APPICON_NAME = AppIcon;
				CODE_SIGN_STYLE = Automatic;
				DEVELOPMENT_TEAM = 2WP5X762NJ;
				INFOPLIST_FILE = "$(SRCROOT)/Mode/Resources/Info.plist";
				LD_RUNPATH_SEARCH_PATHS = (
					"$(inherited)",
					"@executable_path/Frameworks",
				);
				PRODUCT_BUNDLE_IDENTIFIER = Decknot.Mode;
				PRODUCT_NAME = "$(TARGET_NAME)";
				SWIFT_VERSION = 5.0;
				TARGETED_DEVICE_FAMILY = "1,2";
			};
			name = Release;
		};
/* End XCBuildConfiguration section */

/* Begin XCConfigurationList section */
		861F75BF2322E42F000C0C0C /* Build configuration list for PBXProject "Mode" */ = {
			isa = XCConfigurationList;
			buildConfigurations = (
				861F75D42322E42F000C0C0C /* Debug */,
				861F75D52322E42F000C0C0C /* Release */,
			);
			defaultConfigurationIsVisible = 0;
			defaultConfigurationName = Release;
		};
		861F75D62322E42F000C0C0C /* Build configuration list for PBXNativeTarget "Mode" */ = {
			isa = XCConfigurationList;
			buildConfigurations = (
				861F75D72322E42F000C0C0C /* Debug */,
				861F75D82322E42F000C0C0C /* Release */,
			);
			defaultConfigurationIsVisible = 0;
			defaultConfigurationName = Release;
		};
/* End XCConfigurationList section */
	};
	rootObject = 861F75BC2322E42F000C0C0C /* Project object */;
}
